
Microsoft Visual Studio Solution File, Format Version 12.00
# Visual Studio Version 16
VisualStudioVersion = 16.0.29728.190
MinimumVisualStudioVersion = 10.0.40219.1
Project("{FAE04EC0-301F-11D3-BF4B-00C04F79EFBC}") = "All1-Community-Frage_Core", "All1-Community-Frage_Core\All1-Community-Frage_Core.csproj", "{CBB23D9F-CBD4-4821-A575-918BDB5F34B3}"
EndProject
Global
	GlobalSection(SolutionConfigurationPlatforms) = preSolution
		Debug|Any CPU = Debug|Any CPU
		Release|Any CPU = Release|Any CPU
	EndGlobalSection
	GlobalSection(ProjectConfigurationPlatforms) = postSolution
		{CBB23D9F-CBD4-4821-A575-918BDB5F34B3}.Debug|Any CPU.ActiveCfg = Debug|Any CPU
		{CBB23D9F-CBD4-4821-A575-918BDB5F34B3}.Debug|Any CPU.Build.0 = Debug|Any CPU
		{CBB23D9F-CBD4-4821-A575-918BDB5F34B3}.Release|Any CPU.ActiveCfg = Release|Any CPU
		{CBB23D9F-CBD4-4821-A575-918BDB5F34B3}.Release|Any CPU.Build.0 = Release|Any CPU
	EndGlobalSection
	GlobalSection(SolutionProperties) = preSolution
		HideSolutionNode = FALSE
	EndGlobalSection
	GlobalSection(ExtensibilityGlobals) = postSolution
		SolutionGuid = {D98790BC-8A82-40CD-88C6-524FA65F1C88}
	EndGlobalSection
EndGlobal
