
Microsoft Visual Studio Solution File, Format Version 12.00
# Visual Studio Version 16
VisualStudioVersion = 16.0.29728.190
MinimumVisualStudioVersion = 10.0.40219.1
Project("{FAE04EC0-301F-11D3-BF4B-00C04F79EFBC}") = "WPF1-Unterfenster", "WPF1-Unterfenster\WPF1-Unterfenster.csproj", "{FE4722A4-BC9E-44D1-A528-947D75ECB1CB}"
EndProject
Global
	GlobalSection(SolutionConfigurationPlatforms) = preSolution
		Debug|Any CPU = Debug|Any CPU
		Release|Any CPU = Release|Any CPU
	EndGlobalSection
	GlobalSection(ProjectConfigurationPlatforms) = postSolution
		{FE4722A4-BC9E-44D1-A528-947D75ECB1CB}.Debug|Any CPU.ActiveCfg = Debug|Any CPU
		{FE4722A4-BC9E-44D1-A528-947D75ECB1CB}.Debug|Any CPU.Build.0 = Debug|Any CPU
		{FE4722A4-BC9E-44D1-A528-947D75ECB1CB}.Release|Any CPU.ActiveCfg = Release|Any CPU
		{FE4722A4-BC9E-44D1-A528-947D75ECB1CB}.Release|Any CPU.Build.0 = Release|Any CPU
	EndGlobalSection
	GlobalSection(SolutionProperties) = preSolution
		HideSolutionNode = FALSE
	EndGlobalSection
	GlobalSection(ExtensibilityGlobals) = postSolution
		SolutionGuid = {E5A41F99-EE8C-4F1B-A33E-0DBA51487BEB}
	EndGlobalSection
EndGlobal
